
Microsoft Visual Studio Solution File, Format Version 12.00
# Visual Studio 15
VisualStudioVersion = 15.0.26730.15
MinimumVisualStudioVersion = 10.0.40219.1
Project("{8BC9CEB8-8B4A-11D0-8D11-00A0C91BC942}") = "Project1", "Project1.vcxproj", "{20B6B585-F0B9-4937-B41D-9F7B16DCE33F}"
EndProject
Global
	GlobalSection(SolutionConfigurationPlatforms) = preSolution
		Debug|x64 = Debug|x64
		Debug|x86 = Debug|x86
		Release|x64 = Release|x64
		Release|x86 = Release|x86
	EndGlobalSection
	GlobalSection(ProjectConfigurationPlatforms) = postSolution
		{20B6B585-F0B9-4937-B41D-9F7B16DCE33F}.Debug|x64.ActiveCfg = Debug|x64
		{20B6B585-F0B9-4937-B41D-9F7B16DCE33F}.Debug|x64.Build.0 = Debug|x64
		{20B6B585-F0B9-4937-B41D-9F7B16DCE33F}.Debug|x86.ActiveCfg = Debug|Win32
		{20B6B585-F0B9-4937-B41D-9F7B16DCE33F}.Debug|x86.Build.0 = Debug|Win32
		{20B6B585-F0B9-4937-B41D-9F7B16DCE33F}.Release|x64.ActiveCfg = Release|x64
		{20B6B585-F0B9-4937-B41D-9F7B16DCE33F}.Release|x64.Build.0 = Release|x64
		{20B6B585-F0B9-4937-B41D-9F7B16DCE33F}.Release|x86.ActiveCfg = Release|Win32
		{20B6B585-F0B9-4937-B41D-9F7B16DCE33F}.Release|x86.Build.0 = Release|Win32
	EndGlobalSection
	GlobalSection(SolutionProperties) = preSolution
		HideSolutionNode = FALSE
	EndGlobalSection
	GlobalSection(ExtensibilityGlobals) = postSolution
		SolutionGuid = {58C39697-BBC2-44D8-BCE0-64AC40033BD4}
	EndGlobalSection
EndGlobal
